// !$*UTF8*$!
{
	archiveVersion = 1;
	classes = {
	};
	objectVersion = 46;
	objects = {

/* Begin PBXBuildFile section */
		01B6D1AF1DDE894500F6E8AA /* AppDelegate.swift in Sources */ = {isa = PBXBuildFile; fileRef = 01B6D1AE1DDE894500F6E8AA /* AppDelegate.swift */; };
		01B6D1B41DDE894500F6E8AA /* Main.storyboard in Resources */ = {isa = PBXBuildFile; fileRef = 01B6D1B21DDE894500F6E8AA /* Main.storyboard */; };
		01B6D1B71DDE894500F6E8AA /* playingWithCoreData.xcdatamodeld in Sources */ = {isa = PBXBuildFile; fileRef = 01B6D1B51DDE894500F6E8AA /* playingWithCoreData.xcdatamodeld */; };
		01B6D1B91DDE894500F6E8AA /* Assets.xcassets in Resources */ = {isa = PBXBuildFile; fileRef = 01B6D1B81DDE894500F6E8AA /* Assets.xcassets */; };
		01B6D1BC1DDE894500F6E8AA /* LaunchScreen.storyboard in Resources */ = {isa = PBXBuildFile; fileRef = 01B6D1BA1DDE894500F6E8AA /* LaunchScreen.storyboard */; };
		01B6D1C41DDE896000F6E8AA /* currentInstance.swift in Sources */ = {isa = PBXBuildFile; fileRef = 01B6D1C31DDE896000F6E8AA /* currentInstance.swift */; };
		01B6D1C61DDE8AE100F6E8AA /* enums.swift in Sources */ = {isa = PBXBuildFile; fileRef = 01B6D1C51DDE8AE100F6E8AA /* enums.swift */; };
		01B6D1C81DDE8BA500F6E8AA /* ViewController.swift in Sources */ = {isa = PBXBuildFile; fileRef = 01B6D1C71DDE8BA500F6E8AA /* ViewController.swift */; };
		01B6D1CA1DDE8C3F00F6E8AA /* customCell.swift in Sources */ = {isa = PBXBuildFile; fileRef = 01B6D1C91DDE8C3F00F6E8AA /* customCell.swift */; };
		01B6D1CE1DDE8F9300F6E8AA /* viewShift.swift in Sources */ = {isa = PBXBuildFile; fileRef = 01B6D1CD1DDE8F9300F6E8AA /* viewShift.swift */; };
		01B6D1D01DDE937300F6E8AA /* addShift.swift in Sources */ = {isa = PBXBuildFile; fileRef = 01B6D1CF1DDE937300F6E8AA /* addShift.swift */; };
		01B6D1D21DDE971500F6E8AA /* extensions.swift in Sources */ = {isa = PBXBuildFile; fileRef = 01B6D1D11DDE971500F6E8AA /* extensions.swift */; };
/* End PBXBuildFile section */

/* Begin PBXFileReference section */
		01B6D1AB1DDE894500F6E8AA /* playingWithCoreData.app */ = {isa = PBXFileReference; explicitFileType = wrapper.application; includeInIndex = 0; path = playingWithCoreData.app; sourceTree = BUILT_PRODUCTS_DIR; };
		01B6D1AE1DDE894500F6E8AA /* AppDelegate.swift */ = {isa = PBXFileReference; lastKnownFileType = sourcecode.swift; path = AppDelegate.swift; sourceTree = "<group>"; };
		01B6D1B31DDE894500F6E8AA /* Base */ = {isa = PBXFileReference; lastKnownFileType = file.storyboard; name = Base; path = Base.lproj/Main.storyboard; sourceTree = "<group>"; };
		01B6D1B61DDE894500F6E8AA /* playingWithCoreData.xcdatamodel */ = {isa = PBXFileReference; lastKnownFileType = wrapper.xcdatamodel; path = playingWithCoreData.xcdatamodel; sourceTree = "<group>"; };
		01B6D1B81DDE894500F6E8AA /* Assets.xcassets */ = {isa = PBXFileReference; lastKnownFileType = folder.assetcatalog; path = Assets.xcassets; sourceTree = "<group>"; };
		01B6D1BB1DDE894500F6E8AA /* Base */ = {isa = PBXFileReference; lastKnownFileType = file.storyboard; name = Base; path = Base.lproj/LaunchScreen.storyboard; sourceTree = "<group>"; };
		01B6D1BD1DDE894500F6E8AA /* Info.plist */ = {isa = PBXFileReference; lastKnownFileType = text.plist.xml; path = Info.plist; sourceTree = "<group>"; };
		01B6D1C31DDE896000F6E8AA /* currentInstance.swift */ = {isa = PBXFileReference; fileEncoding = 4; lastKnownFileType = sourcecode.swift; path = currentInstance.swift; sourceTree = "<group>"; };
		01B6D1C51DDE8AE100F6E8AA /* enums.swift */ = {isa = PBXFileReference; fileEncoding = 4; lastKnownFileType = sourcecode.swift; path = enums.swift; sourceTree = "<group>"; };
		01B6D1C71DDE8BA500F6E8AA /* ViewController.swift */ = {isa = PBXFileReference; fileEncoding = 4; lastKnownFileType = sourcecode.swift; path = ViewController.swift; sourceTree = "<group>"; };
		01B6D1C91DDE8C3F00F6E8AA /* customCell.swift */ = {isa = PBXFileReference; fileEncoding = 4; lastKnownFileType = sourcecode.swift; path = customCell.swift; sourceTree = "<group>"; };
		01B6D1CD1DDE8F9300F6E8AA /* viewShift.swift */ = {isa = PBXFileReference; fileEncoding = 4; lastKnownFileType = sourcecode.swift; path = viewShift.swift; sourceTree = "<group>"; };
		01B6D1CF1DDE937300F6E8AA /* addShift.swift */ = {isa = PBXFileReference; fileEncoding = 4; lastKnownFileType = sourcecode.swift; path = addShift.swift; sourceTree = "<group>"; };
		01B6D1D11DDE971500F6E8AA /* extensions.swift */ = {isa = PBXFileReference; fileEncoding = 4; lastKnownFileType = sourcecode.swift; path = extensions.swift; sourceTree = "<group>"; };
/* End PBXFileReference section */

/* Begin PBXFrameworksBuildPhase section */
		01B6D1A81DDE894500F6E8AA /* Frameworks */ = {
			isa = PBXFrameworksBuildPhase;
			buildActionMask = 2147483647;
			files = (
			);
			runOnlyForDeploymentPostprocessing = 0;
		};
/* End PBXFrameworksBuildPhase section */

/* Begin PBXGroup section */
		01B6D1A21DDE894500F6E8AA = {
			isa = PBXGroup;
			children = (
				01B6D1AD1DDE894500F6E8AA /* playingWithCoreData */,
				01B6D1AC1DDE894500F6E8AA /* Products */,
			);
			sourceTree = "<group>";
		};
		01B6D1AC1DDE894500F6E8AA /* Products */ = {
			isa = PBXGroup;
			children = (
				01B6D1AB1DDE894500F6E8AA /* playingWithCoreData.app */,
			);
			name = Products;
			sourceTree = "<group>";
		};
		01B6D1AD1DDE894500F6E8AA /* playingWithCoreData */ = {
			isa = PBXGroup;
			children = (
				01B6D1CD1DDE8F9300F6E8AA /* viewShift.swift */,
				01B6D1C71DDE8BA500F6E8AA /* ViewController.swift */,
				01B6D1C91DDE8C3F00F6E8AA /* customCell.swift */,
				01B6D1AE1DDE894500F6E8AA /* AppDelegate.swift */,
				01B6D1C31DDE896000F6E8AA /* currentInstance.swift */,
				01B6D1C51DDE8AE100F6E8AA /* enums.swift */,
				01B6D1D11DDE971500F6E8AA /* extensions.swift */,
				01B6D1B21DDE894500F6E8AA /* Main.storyboard */,
				01B6D1CF1DDE937300F6E8AA /* addShift.swift */,
				01B6D1B81DDE894500F6E8AA /* Assets.xcassets */,
				01B6D1BA1DDE894500F6E8AA /* LaunchScreen.storyboard */,
				01B6D1BD1DDE894500F6E8AA /* Info.plist */,
				01B6D1B51DDE894500F6E8AA /* playingWithCoreData.xcdatamodeld */,
			);
			path = playingWithCoreData;
			sourceTree = "<group>";
		};
/* End PBXGroup section */

/* Begin PBXNativeTarget section */
		01B6D1AA1DDE894500F6E8AA /* playingWithCoreData */ = {
			isa = PBXNativeTarget;
			buildConfigurationList = 01B6D1C01DDE894500F6E8AA /* Build configuration list for PBXNativeTarget "playingWithCoreData" */;
			buildPhases = (
				01B6D1A71DDE894500F6E8AA /* Sources */,
				01B6D1A81DDE894500F6E8AA /* Frameworks */,
				01B6D1A91DDE894500F6E8AA /* Resources */,
			);
			buildRules = (
			);
			dependencies = (
			);
			name = playingWithCoreData;
			productName = playingWithCoreData;
			productReference = 01B6D1AB1DDE894500F6E8AA /* playingWithCoreData.app */;
			productType = "com.apple.product-type.application";
		};
/* End PBXNativeTarget section */

/* Begin PBXProject section */
		01B6D1A31DDE894500F6E8AA /* Project object */ = {
			isa = PBXProject;
			attributes = {
				LastSwiftUpdateCheck = 0810;
				LastUpgradeCheck = 0810;
				ORGANIZATIONNAME = "Fareed Quraishi";
				TargetAttributes = {
					01B6D1AA1DDE894500F6E8AA = {
						CreatedOnToolsVersion = 8.1;
						DevelopmentTeam = TWCD96G7AS;
						ProvisioningStyle = Automatic;
					};
				};
			};
			buildConfigurationList = 01B6D1A61DDE894500F6E8AA /* Build configuration list for PBXProject "playingWithCoreData" */;
			compatibilityVersion = "Xcode 3.2";
			developmentRegion = English;
			hasScannedForEncodings = 0;
			knownRegions = (
				en,
				Base,
			);
			mainGroup = 01B6D1A21DDE894500F6E8AA;
			productRefGroup = 01B6D1AC1DDE894500F6E8AA /* Products */;
			projectDirPath = "";
			projectRoot = "";
			targets = (
				01B6D1AA1DDE894500F6E8AA /* playingWithCoreData */,
			);
		};
/* End PBXProject section */

/* Begin PBXResourcesBuildPhase section */
		01B6D1A91DDE894500F6E8AA /* Resources */ = {
			isa = PBXResourcesBuildPhase;
			buildActionMask = 2147483647;
			files = (
				01B6D1BC1DDE894500F6E8AA /* LaunchScreen.storyboard in Resources */,
				01B6D1B91DDE894500F6E8AA /* Assets.xcassets in Resources */,
				01B6D1B41DDE894500F6E8AA /* Main.storyboard in Resources */,
			);
			runOnlyForDeploymentPostprocessing = 0;
		};
/* End PBXResourcesBuildPhase section */

/* Begin PBXSourcesBuildPhase section */
		01B6D1A71DDE894500F6E8AA /* Sources */ = {
			isa = PBXSourcesBuildPhase;
			buildActionMask = 2147483647;
			files = (
				01B6D1D01DDE937300F6E8AA /* addShift.swift in Sources */,
				01B6D1C81DDE8BA500F6E8AA /* ViewController.swift in Sources */,
				01B6D1C41DDE896000F6E8AA /* currentInstance.swift in Sources */,
				01B6D1CA1DDE8C3F00F6E8AA /* customCell.swift in Sources */,
				01B6D1CE1DDE8F9300F6E8AA /* viewShift.swift in Sources */,
				01B6D1D21DDE971500F6E8AA /* extensions.swift in Sources */,
				01B6D1C61DDE8AE100F6E8AA /* enums.swift in Sources */,
				01B6D1AF1DDE894500F6E8AA /* AppDelegate.swift in Sources */,
				01B6D1B71DDE894500F6E8AA /* playingWithCoreData.xcdatamodeld in Sources */,
			);
			runOnlyForDeploymentPostprocessing = 0;
		};
/* End PBXSourcesBuildPhase section */

/* Begin PBXVariantGroup section */
		01B6D1B21DDE894500F6E8AA /* Main.storyboard */ = {
			isa = PBXVariantGroup;
			children = (
				01B6D1B31DDE894500F6E8AA /* Base */,
			);
			name = Main.storyboard;
			sourceTree = "<group>";
		};
		01B6D1BA1DDE894500F6E8AA /* LaunchScreen.storyboard */ = {
			isa = PBXVariantGroup;
			children = (
				01B6D1BB1DDE894500F6E8AA /* Base */,
			);
			name = LaunchScreen.storyboard;
			sourceTree = "<group>";
		};
/* End PBXVariantGroup section */

/* Begin XCBuildConfiguration section */
		01B6D1BE1DDE894500F6E8AA /* Debug */ = {
			isa = XCBuildConfiguration;
			buildSettings = {
				ALWAYS_SEARCH_USER_PATHS = NO;
				CLANG_ANALYZER_NONNULL = YES;
				CLANG_CXX_LANGUAGE_STANDARD = "gnu++0x";
				CLANG_CXX_LIBRARY = "libc++";
				CLANG_ENABLE_MODULES = YES;
				CLANG_ENABLE_OBJC_ARC = YES;
				CLANG_WARN_BOOL_CONVERSION = YES;
				CLANG_WARN_CONSTANT_CONVERSION = YES;
				CLANG_WARN_DIRECT_OBJC_ISA_USAGE = YES_ERROR;
				CLANG_WARN_DOCUMENTATION_COMMENTS = YES;
				CLANG_WARN_EMPTY_BODY = YES;
				CLANG_WARN_ENUM_CONVERSION = YES;
				CLANG_WARN_INFINITE_RECURSION = YES;
				CLANG_WARN_INT_CONVERSION = YES;
				CLANG_WARN_OBJC_ROOT_CLASS = YES_ERROR;
				CLANG_WARN_SUSPICIOUS_MOVES = YES;
				CLANG_WARN_UNREACHABLE_CODE = YES;
				CLANG_WARN__DUPLICATE_METHOD_MATCH = YES;
				"CODE_SIGN_IDENTITY[sdk=iphoneos*]" = "iPhone Developer";
				COPY_PHASE_STRIP = NO;
				DEBUG_INFORMATION_FORMAT = dwarf;
				ENABLE_STRICT_OBJC_MSGSEND = YES;
				ENABLE_TESTABILITY = YES;
				GCC_C_LANGUAGE_STANDARD = gnu99;
				GCC_DYNAMIC_NO_PIC = NO;
				GCC_NO_COMMON_BLOCKS = YES;
				GCC_OPTIMIZATION_LEVEL = 0;
				GCC_PREPROCESSOR_DEFINITIONS = (
					"DEBUG=1",
					"$(inherited)",
				);
				GCC_WARN_64_TO_32_BIT_CONVERSION = YES;
				GCC_WARN_ABOUT_RETURN_TYPE = YES_ERROR;
				GCC_WARN_UNDECLARED_SELECTOR = YES;
				GCC_WARN_UNINITIALIZED_AUTOS = YES_AGGRESSIVE;
				GCC_WARN_UNUSED_FUNCTION = YES;
				GCC_WARN_UNUSED_VARIABLE = YES;
				IPHONEOS_DEPLOYMENT_TARGET = 10.1;
				MTL_ENABLE_DEBUG_INFO = YES;
				ONLY_ACTIVE_ARCH = YES;
				SDKROOT = iphoneos;
				SWIFT_ACTIVE_COMPILATION_CONDITIONS = DEBUG;
				SWIFT_OPTIMIZATION_LEVEL = "-Onone";
				TARGETED_DEVICE_FAMILY = "1,2";
			};
			name = Debug;
		};
		01B6D1BF1DDE894500F6E8AA /* Release */ = {
			isa = XCBuildConfiguration;
			buildSettings = {
				ALWAYS_SEARCH_USER_PATHS = NO;
				CLANG_ANALYZER_NONNULL = YES;
				CLANG_CXX_LANGUAGE_STANDARD = "gnu++0x";
				CLANG_CXX_LIBRARY = "libc++";
				CLANG_ENABLE_MODULES = YES;
				CLANG_ENABLE_OBJC_ARC = YES;
				CLANG_WARN_BOOL_CONVERSION = YES;
				CLANG_WARN_CONSTANT_CONVERSION = YES;
				CLANG_WARN_DIRECT_OBJC_ISA_USAGE = YES_ERROR;
				CLANG_WARN_DOCUMENTATION_COMMENTS = YES;
				CLANG_WARN_EMPTY_BODY = YES;
				CLANG_WARN_ENUM_CONVERSION = YES;
				CLANG_WARN_INFINITE_RECURSION = YES;
				CLANG_WARN_INT_CONVERSION = YES;
				CLANG_WARN_OBJC_ROOT_CLASS = YES_ERROR;
				CLANG_WARN_SUSPICIOUS_MOVES = YES;
				CLANG_WARN_UNREACHABLE_CODE = YES;
				CLANG_WARN__DUPLICATE_METHOD_MATCH = YES;
				"CODE_SIGN_IDENTITY[sdk=iphoneos*]" = "iPhone Developer";
				COPY_PHASE_STRIP = NO;
				DEBUG_INFORMATION_FORMAT = "dwarf-with-dsym";
				ENABLE_NS_ASSERTIONS = NO;
				ENABLE_STRICT_OBJC_MSGSEND = YES;
				GCC_C_LANGUAGE_STANDARD = gnu99;
				GCC_NO_COMMON_BLOCKS = YES;
				GCC_WARN_64_TO_32_BIT_CONVERSION = YES;
				GCC_WARN_ABOUT_RETURN_TYPE = YES_ERROR;
				GCC_WARN_UNDECLARED_SELECTOR = YES;
				GCC_WARN_UNINITIALIZED_AUTOS = YES_AGGRESSIVE;
				GCC_WARN_UNUSED_FUNCTION = YES;
				GCC_WARN_UNUSED_VARIABLE = YES;
				IPHONEOS_DEPLOYMENT_TARGET = 10.1;
				MTL_ENABLE_DEBUG_INFO = NO;
				SDKROOT = iphoneos;
				SWIFT_OPTIMIZATION_LEVEL = "-Owholemodule";
				TARGETED_DEVICE_FAMILY = "1,2";
				VALIDATE_PRODUCT = YES;
			};
			name = Release;
		};
		01B6D1C11DDE894500F6E8AA /* Debug */ = {
			isa = XCBuildConfiguration;
			buildSettings = {
				ASSETCATALOG_COMPILER_APPICON_NAME = AppIcon;
				DEVELOPMENT_TEAM = TWCD96G7AS;
				INFOPLIST_FILE = playingWithCoreData/Info.plist;
				IPHONEOS_DEPLOYMENT_TARGET = 10.0;
				LD_RUNPATH_SEARCH_PATHS = "$(inherited) @executable_path/Frameworks";
				PRODUCT_BUNDLE_IDENTIFIER = FareedQ.playingWithCoreData;
				PRODUCT_NAME = "$(TARGET_NAME)";
				SWIFT_VERSION = 3.0;
			};
			name = Debug;
		};
		01B6D1C21DDE894500F6E8AA /* Release */ = {
			isa = XCBuildConfiguration;
			buildSettings = {
				ASSETCATALOG_COMPILER_APPICON_NAME = AppIcon;
				DEVELOPMENT_TEAM = TWCD96G7AS;
				INFOPLIST_FILE = playingWithCoreData/Info.plist;
				IPHONEOS_DEPLOYMENT_TARGET = 10.0;
				LD_RUNPATH_SEARCH_PATHS = "$(inherited) @executable_path/Frameworks";
				PRODUCT_BUNDLE_IDENTIFIER = FareedQ.playingWithCoreData;
				PRODUCT_NAME = "$(TARGET_NAME)";
				SWIFT_VERSION = 3.0;
			};
			name = Release;
		};
/* End XCBuildConfiguration section */

/* Begin XCConfigurationList section */
		01B6D1A61DDE894500F6E8AA /* Build configuration list for PBXProject "playingWithCoreData" */ = {
			isa = XCConfigurationList;
			buildConfigurations = (
				01B6D1BE1DDE894500F6E8AA /* Debug */,
				01B6D1BF1DDE894500F6E8AA /* Release */,
			);
			defaultConfigurationIsVisible = 0;
			defaultConfigurationName = Release;
		};
		01B6D1C01DDE894500F6E8AA /* Build configuration list for PBXNativeTarget "playingWithCoreData" */ = {
			isa = XCConfigurationList;
			buildConfigurations = (
				01B6D1C11DDE894500F6E8AA /* Debug */,
				01B6D1C21DDE894500F6E8AA /* Release */,
			);
			defaultConfigurationIsVisible = 0;
			defaultConfigurationName = Release;
		};
/* End XCConfigurationList section */

/* Begin XCVersionGroup section */
		01B6D1B51DDE894500F6E8AA /* playingWithCoreData.xcdatamodeld */ = {
			isa = XCVersionGroup;
			children = (
				01B6D1B61DDE894500F6E8AA /* playingWithCoreData.xcdatamodel */,
			);
			currentVersion = 01B6D1B61DDE894500F6E8AA /* playingWithCoreData.xcdatamodel */;
			path = playingWithCoreData.xcdatamodeld;
			sourceTree = "<group>";
			versionGroupType = wrapper.xcdatamodel;
		};
/* End XCVersionGroup section */
	};
	rootObject = 01B6D1A31DDE894500F6E8AA /* Project object */;
}
